Microsoft Visual Studio Solution File, Format Version 11.00
# Visual Studio 2008

Project("{38CC1670-7C67-95B8-016C-DA508226CA54}") = "teach", "Assembly-CSharp-firstpass.csproj", "{1F767CE9-C723-86ED-BF93-5BAA8375C808}"
EndProject
Project("{38CC1670-7C67-95B8-016C-DA508226CA54}") = "teach", "Assembly-CSharp.csproj", "{4B74209B-8170-449B-CDF2-5510F7040762}"
EndProject
Project("{38CC1670-7C67-95B8-016C-DA508226CA54}") = "teach", "Assembly-CSharp-Editor.csproj", "{BF423024-F6A2-DD3C-8E4A-AF09068FADBC}"
EndProject
Global
	GlobalSection(SolutionConfigurationPlatforms) = preSolution
		Debug|Any CPU = Debug|Any CPU
		Release|Any CPU = Release|Any CPU
	EndGlobalSection
	GlobalSection(ProjectConfigurationPlatforms) = postSolution
		{1F767CE9-C723-86ED-BF93-5BAA8375C808}.Debug|Any CPU.ActiveCfg = Debug|Any CPU
		{1F767CE9-C723-86ED-BF93-5BAA8375C808}.Debug|Any CPU.Build.0 = Debug|Any CPU
		{1F767CE9-C723-86ED-BF93-5BAA8375C808}.Release|Any CPU.ActiveCfg = Release|Any CPU
		{1F767CE9-C723-86ED-BF93-5BAA8375C808}.Release|Any CPU.Build.0 = Release|Any CPU
		{4B74209B-8170-449B-CDF2-5510F7040762}.Debug|Any CPU.ActiveCfg = Debug|Any CPU
		{4B74209B-8170-449B-CDF2-5510F7040762}.Debug|Any CPU.Build.0 = Debug|Any CPU
		{4B74209B-8170-449B-CDF2-5510F7040762}.Release|Any CPU.ActiveCfg = Release|Any CPU
		{4B74209B-8170-449B-CDF2-5510F7040762}.Release|Any CPU.Build.0 = Release|Any CPU
		{BF423024-F6A2-DD3C-8E4A-AF09068FADBC}.Debug|Any CPU.ActiveCfg = Debug|Any CPU
		{BF423024-F6A2-DD3C-8E4A-AF09068FADBC}.Debug|Any CPU.Build.0 = Debug|Any CPU
		{BF423024-F6A2-DD3C-8E4A-AF09068FADBC}.Release|Any CPU.ActiveCfg = Release|Any CPU
		{BF423024-F6A2-DD3C-8E4A-AF09068FADBC}.Release|Any CPU.Build.0 = Release|Any CPU
	EndGlobalSection
	GlobalSection(SolutionProperties) = preSolution
		HideSolutionNode = FALSE
	EndGlobalSection
	GlobalSection(MonoDevelopProperties) = preSolution
		StartupItem = Assembly-CSharp.csproj
	EndGlobalSection
EndGlobal
